github.com/hinst/git-stories-api v0.1.1 h1:LxCnwNo8G0xhBSjJm6jHgf42atUhh8986IDba7JtvYA=
github.com/hinst/git-stories-api v0.1.1/go.mod h1:vkA/l2Ljsy2hCAFQutI2OLI10pihY6fum5NSXDPmPC0=
github.com/hinst/go-common v0.0.0-20201121211255-9c92c28a12c4 h1:Z1YSlkv2zixDwYFgYBI6o5OmvpJBnydjo01PNI/FdLo=
github.com/hinst/go-common v0.0.0-20201121211255-9c92c28a12c4/go.mod h1:ALss9OaYUWMxLLY7MdrkXXaKNz214IPgVkRUWjHUOno=
github.com/hinst/go-common v0.0.0-20201122150352-1d8b7bd4249a h1:vJ5FoGdaBWQJm7FmQHVz/Zt7HTZy8bDmplVwaD7+y4I=
github.com/hinst/go-common v0.0.0-20201122150352-1d8b7bd4249a/go.mod h1:ALss9OaYUWMxLLY7MdrkXXaKNz214IPgVkRUWjHUOno=
